# This file is autogenerated, do not edit; changes may be undone by the next 'dep ensure'.


[[projects]]
  digest = "1:36a75ab002c1cfb43bcc5d2ec10fbdc2a1136e9246a65e535f1d827435f28f17"
  name = "github.com/Sirupsen/logrus"
  packages = ["."]
  pruneopts = "UT"
  revision = "418b41d23a1bf978c06faea5313ba194650ac088"
  version = "v0.8.7"

[[projects]]
  digest = "1:379fa75f6367419dbb88457aa18314de3006d86cba68cb17f83f7ace76178d78"
  name = "github.com/aliyun/alibaba-cloud-sdk-go"
  packages = [
    "sdk",
    "sdk/auth",
    "sdk/auth/credentials",
    "sdk/auth/credentials/provider",
    "sdk/auth/signers",
    "sdk/endpoints",
    "sdk/errors",
    "sdk/requests",
    "sdk/responses",
    "sdk/utils",
    "services/ecs",
  ]
  pruneopts = "UT"
  revision = "6e775398604bdedf82e2ce58d5790ce0717dd602"
  version = "v1.60.299"

[[projects]]
  digest = "1:fa00ec82372ac464a5d43cd483ea555b7f84681eff44cb9083a08dbd2ca7e01e"
  name = "github.com/fatih/color"
  packages = ["."]
  pruneopts = "UT"
  revision = "1b35f289c47d5c73c398cea8e006b7bcb6234a96"
  version = "v0.1"

[[projects]]
  digest = "1:cbec35fe4d5a4fba369a656a8cd65e244ea2c743007d8f6c1ccb132acf9d1296"
  name = "github.com/gorilla/mux"
  packages = ["."]
  pruneopts = "UT"
  revision = "00bdffe0f3c77e27d2cf6f5c70232a2d3e4d9c15"
  version = "v1.7.3"

[[projects]]
  digest = "1:b87714e57a511d88f307aba7d5b63522da12bed0a050889c81272fc50f71100e"
  name = "github.com/jmespath/go-jmespath"
  packages = ["."]
  pruneopts = "UT"
  revision = "3433f3ea46d9f8019119e7dd41274e112a2359a9"
  version = "0.2.2"

[[projects]]
  digest = "1:beb5b4f42a25056f0aa291b5eadd21e2f2903a05d15dfe7caf7eaee7e12fa972"
  name = "github.com/json-iterator/go"
  packages = ["."]
  pruneopts = "UT"
  revision = "03217c3e97663914aec3faafde50d081f197a0a2"
  version = "v1.1.8"

[[projects]]
  digest = "1:871aa208665f8c57d13ed13899c243454858ee6654cc4feed768096bcea6fbc3"
  name = "github.com/mattn/go-runewidth"
  packages = ["."]
  pruneopts = "UT"
  revision = "18c3d09a134a52720932bbaa92c798a0ab111004"
  version = "v0.0.7"

[[projects]]
  digest = "1:33422d238f147d247752996a26574ac48dcf472976eda7f5134015f06bf16563"
  name = "github.com/modern-go/concurrent"
  packages = ["."]
  pruneopts = "UT"
  revision = "bacd9c7ef1dd9b15be4a9909b8ac7a4e313eec94"
  version = "1.0.3"

[[projects]]
  digest = "1:e32bdbdb7c377a07a9a46378290059822efdce5c8d96fe71940d87cb4f918855"
  name = "github.com/modern-go/reflect2"
  packages = ["."]
  pruneopts = "UT"
  revision = "4b7aa43c6742a2c18fdef89dd197aaae7dac7ccd"
  version = "1.0.1"

[[projects]]
  digest = "1:b8261a46d75566ebf5b4fb6bb762f54f47e6633e0995118393afc80bb1f428f5"
  name = "github.com/olekukonko/tablewriter"
  packages = ["."]
  pruneopts = "UT"
  revision = "876dd0e0227ec99c0243b639b92139915b65331a"
  version = "v0.0.4"

[[projects]]
  branch = "master"
  digest = "1:44fbfce27cb96b7d20217634af466093485a3e8132820acbe95949cb64e7fc60"
  name = "github.com/shiena/ansicolor"
  packages = ["."]
  pruneopts = "UT"
  revision = "a422bbe96644373c5753384a59d678f7d261ff10"

[[projects]]
  digest = "1:591460fbfc463bda7071ac906bed19cbf64cffd5fcb80a6d1490e87b9dfad942"
  name = "gopkg.in/ini.v1"
  packages = ["."]
  pruneopts = "UT"
  revision = "87e589f4917038ae250cff2446db7573f47e97ca"
  version = "v1.51.0"

[solve-meta]
  analyzer-name = "dep"
  analyzer-version = 1
  input-imports = [
    "github.com/Sirupsen/logrus",
    "github.com/aliyun/alibaba-cloud-sdk-go/services/ecs",
    "github.com/fatih/color",
    "github.com/gorilla/mux",
    "github.com/olekukonko/tablewriter",
  ]
  solver-name = "gps-cdcl"
  solver-version = 1
